# This file was autogenerated by Stack.
# You should not edit this file by hand.
# For more information, please see the documentation at:
#   https://docs.haskellstack.org/en/stable/lock_files

packages:
- completed:
    hackage: clash-ghc-1.0.1@sha256:1542736ef5dbeb811772ab2db057f547c7469ef974e49be40240e848d7d2450a,7744
    pantry-tree:
      size: 3026
      sha256: ff5e9da2c39ed21fc3aae673b810da37b1e685a8bdfd8f77df785f5328bed306
  original:
    hackage: clash-ghc-1.0.1@sha256:1542736ef5dbeb811772ab2db057f547c7469ef974e49be40240e848d7d2450a,7744
- completed:
    hackage: clash-lib-1.0.1@sha256:d89325c22f7381934fc98c3c177441b2a671be408179e26667b8cf7e601a726b,9219
    pantry-tree:
      size: 15128
      sha256: eaa2e4e010ba391271e090253b1a9926c95bd1a0b2da42240d76635f6d5b2988
  original:
    hackage: clash-lib-1.0.1@sha256:d89325c22f7381934fc98c3c177441b2a671be408179e26667b8cf7e601a726b,9219
- completed:
    hackage: clash-prelude-1.0.1@sha256:a1f3e0b959f39b9e620e18fdc7a8647ed91bd888db8d5b52b961e1f9c8fc5739,12526
    pantry-tree:
      size: 9159
      sha256: 56e6219588b1e6516861f2b343e9d3a3e375c8d36b664705602afe230a6d53b5
  original:
    hackage: clash-prelude-1.0.1@sha256:a1f3e0b959f39b9e620e18fdc7a8647ed91bd888db8d5b52b961e1f9c8fc5739,12526
snapshots:
- completed:
    size: 524155
    url: https://raw.githubusercontent.com/commercialhaskell/stackage-snapshots/master/lts/14/19.yaml
    sha256: 9f79f6494473c9b46911364b94c4b5ef19ca8d35ebf62e46697cf651f198ee19
  original: lts-14.19
